// !$*UTF8*$!
{
	archiveVersion = 1;
	classes = {
	};
	objectVersion = 46;
	objects = {

/* Begin PBXBuildFile section */
		092C9EEE1D2018B60003981E /* angelapp_back in Resources */ = {isa = PBXBuildFile; fileRef = 092C9EED1D2018B60003981E /* angelapp_back */; };
		094F936A1D1ED594005C46A4 /* AppDelegate.swift in Sources */ = {isa = PBXBuildFile; fileRef = 094F93691D1ED594005C46A4 /* AppDelegate.swift */; };
		094F936C1D1ED594005C46A4 /* MainViewController.swift in Sources */ = {isa = PBXBuildFile; fileRef = 094F936B1D1ED594005C46A4 /* MainViewController.swift */; };
		094F936F1D1ED594005C46A4 /* Main.storyboard in Resources */ = {isa = PBXBuildFile; fileRef = 094F936D1D1ED594005C46A4 /* Main.storyboard */; };
		094F93711D1ED594005C46A4 /* Assets.xcassets in Resources */ = {isa = PBXBuildFile; fileRef = 094F93701D1ED594005C46A4 /* Assets.xcassets */; };
		094F93741D1ED594005C46A4 /* LaunchScreen.storyboard in Resources */ = {isa = PBXBuildFile; fileRef = 094F93721D1ED594005C46A4 /* LaunchScreen.storyboard */; };
		094F937F1D1ED594005C46A4 /* angelaTests.swift in Sources */ = {isa = PBXBuildFile; fileRef = 094F937E1D1ED594005C46A4 /* angelaTests.swift */; };
		094F938A1D1ED594005C46A4 /* angelaUITests.swift in Sources */ = {isa = PBXBuildFile; fileRef = 094F93891D1ED594005C46A4 /* angelaUITests.swift */; };
		094F93A51D1ED92D005C46A4 /* Usuario.swift in Sources */ = {isa = PBXBuildFile; fileRef = 094F93A41D1ED92D005C46A4 /* Usuario.swift */; };
		094F93A71D1EDA19005C46A4 /* Eventos.swift in Sources */ = {isa = PBXBuildFile; fileRef = 094F93A61D1EDA19005C46A4 /* Eventos.swift */; };
		094F93AB1D1EDBAE005C46A4 /* Pessoa.swift in Sources */ = {isa = PBXBuildFile; fileRef = 094F93AA1D1EDBAE005C46A4 /* Pessoa.swift */; };
		094F93B91D1EFC5E005C46A4 /* SwiftyJSON.swift in Sources */ = {isa = PBXBuildFile; fileRef = 094F93B81D1EFC5E005C46A4 /* SwiftyJSON.swift */; };
		094F93BE1D1F3098005C46A4 /* CadastroViewController.swift in Sources */ = {isa = PBXBuildFile; fileRef = 094F93BC1D1F3098005C46A4 /* CadastroViewController.swift */; };
		094F93BF1D1F3098005C46A4 /* CadastroViewController.xib in Resources */ = {isa = PBXBuildFile; fileRef = 094F93BD1D1F3098005C46A4 /* CadastroViewController.xib */; };
		094F93C21D1F3120005C46A4 /* LoginViewController.swift in Sources */ = {isa = PBXBuildFile; fileRef = 094F93C01D1F3120005C46A4 /* LoginViewController.swift */; };
		094F93C31D1F3120005C46A4 /* LoginViewController.xib in Resources */ = {isa = PBXBuildFile; fileRef = 094F93C11D1F3120005C46A4 /* LoginViewController.xib */; };
		094F93C61D1F318F005C46A4 /* EventoViewController.swift in Sources */ = {isa = PBXBuildFile; fileRef = 094F93C41D1F318F005C46A4 /* EventoViewController.swift */; };
		094F93C71D1F318F005C46A4 /* EventoViewController.xib in Resources */ = {isa = PBXBuildFile; fileRef = 094F93C51D1F318F005C46A4 /* EventoViewController.xib */; };
		094F93CA1D1F31C9005C46A4 /* NovoEventoViewController.swift in Sources */ = {isa = PBXBuildFile; fileRef = 094F93C81D1F31C9005C46A4 /* NovoEventoViewController.swift */; };
		094F93CB1D1F31C9005C46A4 /* NovoEventoViewController.xib in Resources */ = {isa = PBXBuildFile; fileRef = 094F93C91D1F31C9005C46A4 /* NovoEventoViewController.xib */; };
		86E066701D1F3994002203F6 /* Cadastro2ViewController.swift in Sources */ = {isa = PBXBuildFile; fileRef = 86E0666E1D1F3994002203F6 /* Cadastro2ViewController.swift */; };
		86E066711D1F3994002203F6 /* Cadastro2ViewController.xib in Resources */ = {isa = PBXBuildFile; fileRef = 86E0666F1D1F3994002203F6 /* Cadastro2ViewController.xib */; };
		86E066741D1F444A002203F6 /* ContatosViewController.swift in Sources */ = {isa = PBXBuildFile; fileRef = 86E066721D1F444A002203F6 /* ContatosViewController.swift */; };
		86E066751D1F444A002203F6 /* ContatosViewController.xib in Resources */ = {isa = PBXBuildFile; fileRef = 86E066731D1F444A002203F6 /* ContatosViewController.xib */; };
		86E066781D1F5167002203F6 /* DAO.swift in Sources */ = {isa = PBXBuildFile; fileRef = 86E066771D1F5167002203F6 /* DAO.swift */; };
/* End PBXBuildFile section */

/* Begin PBXContainerItemProxy section */
		094F937B1D1ED594005C46A4 /* PBXContainerItemProxy */ = {
			isa = PBXContainerItemProxy;
			containerPortal = 094F935E1D1ED594005C46A4 /* Project object */;
			proxyType = 1;
			remoteGlobalIDString = 094F93651D1ED594005C46A4;
			remoteInfo = angela;
		};
		094F93861D1ED594005C46A4 /* PBXContainerItemProxy */ = {
			isa = PBXContainerItemProxy;
			containerPortal = 094F935E1D1ED594005C46A4 /* Project object */;
			proxyType = 1;
			remoteGlobalIDString = 094F93651D1ED594005C46A4;
			remoteInfo = angela;
		};
/* End PBXContainerItemProxy section */

/* Begin PBXFileReference section */
		092C9EED1D2018B60003981E /* angelapp_back */ = {isa = PBXFileReference; lastKnownFileType = folder; path = angelapp_back; sourceTree = "<group>"; };
		094F93661D1ED594005C46A4 /* angela.app */ = {isa = PBXFileReference; explicitFileType = wrapper.application; includeInIndex = 0; path = angela.app; sourceTree = BUILT_PRODUCTS_DIR; };
		094F93691D1ED594005C46A4 /* AppDelegate.swift */ = {isa = PBXFileReference; lastKnownFileType = sourcecode.swift; path = AppDelegate.swift; sourceTree = "<group>"; };
		094F936B1D1ED594005C46A4 /* MainViewController.swift */ = {isa = PBXFileReference; lastKnownFileType = sourcecode.swift; path = MainViewController.swift; sourceTree = "<group>"; };
		094F936E1D1ED594005C46A4 /* Base */ = {isa = PBXFileReference; lastKnownFileType = file.storyboard; name = Base; path = Base.lproj/Main.storyboard; sourceTree = "<group>"; };
		094F93701D1ED594005C46A4 /* Assets.xcassets */ = {isa = PBXFileReference; lastKnownFileType = folder.assetcatalog; path = Assets.xcassets; sourceTree = "<group>"; };
		094F93731D1ED594005C46A4 /* Base */ = {isa = PBXFileReference; lastKnownFileType = file.storyboard; name = Base; path = Base.lproj/LaunchScreen.storyboard; sourceTree = "<group>"; };
		094F93751D1ED594005C46A4 /* Info.plist */ = {isa = PBXFileReference; lastKnownFileType = text.plist.xml; path = Info.plist; sourceTree = "<group>"; };
		094F937A1D1ED594005C46A4 /* angelaTests.xctest */ = {isa = PBXFileReference; explicitFileType = wrapper.cfbundle; includeInIndex = 0; path = angelaTests.xctest; sourceTree = BUILT_PRODUCTS_DIR; };
		094F937E1D1ED594005C46A4 /* angelaTests.swift */ = {isa = PBXFileReference; lastKnownFileType = sourcecode.swift; path = angelaTests.swift; sourceTree = "<group>"; };
		094F93801D1ED594005C46A4 /* Info.plist */ = {isa = PBXFileReference; lastKnownFileType = text.plist.xml; path = Info.plist; sourceTree = "<group>"; };
		094F93851D1ED594005C46A4 /* angelaUITests.xctest */ = {isa = PBXFileReference; explicitFileType = wrapper.cfbundle; includeInIndex = 0; path = angelaUITests.xctest; sourceTree = BUILT_PRODUCTS_DIR; };
		094F93891D1ED594005C46A4 /* angelaUITests.swift */ = {isa = PBXFileReference; lastKnownFileType = sourcecode.swift; path = angelaUITests.swift; sourceTree = "<group>"; };
		094F938B1D1ED594005C46A4 /* Info.plist */ = {isa = PBXFileReference; lastKnownFileType = text.plist.xml; path = Info.plist; sourceTree = "<group>"; };
		094F93A41D1ED92D005C46A4 /* Usuario.swift */ = {isa = PBXFileReference; fileEncoding = 4; lastKnownFileType = sourcecode.swift; path = Usuario.swift; sourceTree = "<group>"; };
		094F93A61D1EDA19005C46A4 /* Eventos.swift */ = {isa = PBXFileReference; fileEncoding = 4; lastKnownFileType = sourcecode.swift; path = Eventos.swift; sourceTree = "<group>"; };
		094F93AA1D1EDBAE005C46A4 /* Pessoa.swift */ = {isa = PBXFileReference; fileEncoding = 4; lastKnownFileType = sourcecode.swift; path = Pessoa.swift; sourceTree = "<group>"; };
		094F93B81D1EFC5E005C46A4 /* SwiftyJSON.swift */ = {isa = PBXFileReference; fileEncoding = 4; lastKnownFileType = sourcecode.swift; path = SwiftyJSON.swift; sourceTree = "<group>"; };
		094F93BC1D1F3098005C46A4 /* CadastroViewController.swift */ = {isa = PBXFileReference; fileEncoding = 4; lastKnownFileType = sourcecode.swift; path = CadastroViewController.swift; sourceTree = "<group>"; };
		094F93BD1D1F3098005C46A4 /* CadastroViewController.xib */ = {isa = PBXFileReference; fileEncoding = 4; lastKnownFileType = file.xib; path = CadastroViewController.xib; sourceTree = "<group>"; };
		094F93C01D1F3120005C46A4 /* LoginViewController.swift */ = {isa = PBXFileReference; fileEncoding = 4; lastKnownFileType = sourcecode.swift; path = LoginViewController.swift; sourceTree = "<group>"; };
		094F93C11D1F3120005C46A4 /* LoginViewController.xib */ = {isa = PBXFileReference; fileEncoding = 4; lastKnownFileType = file.xib; path = LoginViewController.xib; sourceTree = "<group>"; };
		094F93C41D1F318F005C46A4 /* EventoViewController.swift */ = {isa = PBXFileReference; fileEncoding = 4; lastKnownFileType = sourcecode.swift; path = EventoViewController.swift; sourceTree = "<group>"; };
		094F93C51D1F318F005C46A4 /* EventoViewController.xib */ = {isa = PBXFileReference; fileEncoding = 4; lastKnownFileType = file.xib; path = EventoViewController.xib; sourceTree = "<group>"; };
		094F93C81D1F31C9005C46A4 /* NovoEventoViewController.swift */ = {isa = PBXFileReference; fileEncoding = 4; lastKnownFileType = sourcecode.swift; path = NovoEventoViewController.swift; sourceTree = "<group>"; };
		094F93C91D1F31C9005C46A4 /* NovoEventoViewController.xib */ = {isa = PBXFileReference; fileEncoding = 4; lastKnownFileType = file.xib; path = NovoEventoViewController.xib; sourceTree = "<group>"; };
		86E0666E1D1F3994002203F6 /* Cadastro2ViewController.swift */ = {isa = PBXFileReference; fileEncoding = 4; lastKnownFileType = sourcecode.swift; path = Cadastro2ViewController.swift; sourceTree = "<group>"; };
		86E0666F1D1F3994002203F6 /* Cadastro2ViewController.xib */ = {isa = PBXFileReference; fileEncoding = 4; lastKnownFileType = file.xib; path = Cadastro2ViewController.xib; sourceTree = "<group>"; };
		86E066721D1F444A002203F6 /* ContatosViewController.swift */ = {isa = PBXFileReference; fileEncoding = 4; lastKnownFileType = sourcecode.swift; path = ContatosViewController.swift; sourceTree = "<group>"; };
		86E066731D1F444A002203F6 /* ContatosViewController.xib */ = {isa = PBXFileReference; fileEncoding = 4; lastKnownFileType = file.xib; path = ContatosViewController.xib; sourceTree = "<group>"; };
		86E066771D1F5167002203F6 /* DAO.swift */ = {isa = PBXFileReference; fileEncoding = 4; lastKnownFileType = sourcecode.swift; path = DAO.swift; sourceTree = "<group>"; };
/* End PBXFileReference section */

/* Begin PBXFrameworksBuildPhase section */
		094F93631D1ED594005C46A4 /* Frameworks */ = {
			isa = PBXFrameworksBuildPhase;
			buildActionMask = 2147483647;
			files = (
			);
			runOnlyForDeploymentPostprocessing = 0;
		};
		094F93771D1ED594005C46A4 /* Frameworks */ = {
			isa = PBXFrameworksBuildPhase;
			buildActionMask = 2147483647;
			files = (
			);
			runOnlyForDeploymentPostprocessing = 0;
		};
		094F93821D1ED594005C46A4 /* Frameworks */ = {
			isa = PBXFrameworksBuildPhase;
			buildActionMask = 2147483647;
			files = (
			);
			runOnlyForDeploymentPostprocessing = 0;
		};
/* End PBXFrameworksBuildPhase section */

/* Begin PBXGroup section */
		094F935D1D1ED594005C46A4 = {
			isa = PBXGroup;
			children = (
				094F93681D1ED594005C46A4 /* angela */,
				094F937D1D1ED594005C46A4 /* angelaTests */,
				094F93881D1ED594005C46A4 /* angelaUITests */,
				094F93671D1ED594005C46A4 /* Products */,
			);
			sourceTree = "<group>";
		};
		094F93671D1ED594005C46A4 /* Products */ = {
			isa = PBXGroup;
			children = (
				094F93661D1ED594005C46A4 /* angela.app */,
				094F937A1D1ED594005C46A4 /* angelaTests.xctest */,
				094F93851D1ED594005C46A4 /* angelaUITests.xctest */,
			);
			name = Products;
			sourceTree = "<group>";
		};
		094F93681D1ED594005C46A4 /* angela */ = {
			isa = PBXGroup;
			children = (
				092C9EED1D2018B60003981E /* angelapp_back */,
				094F93971D1ED5BE005C46A4 /* Model */,
				094F93981D1ED5C5005C46A4 /* Controller */,
				094F93991D1ED5CB005C46A4 /* View */,
				094F93691D1ED594005C46A4 /* AppDelegate.swift */,
				094F93701D1ED594005C46A4 /* Assets.xcassets */,
				094F93721D1ED594005C46A4 /* LaunchScreen.storyboard */,
				094F93751D1ED594005C46A4 /* Info.plist */,
			);
			path = angela;
			sourceTree = "<group>";
		};
		094F937D1D1ED594005C46A4 /* angelaTests */ = {
			isa = PBXGroup;
			children = (
				094F937E1D1ED594005C46A4 /* angelaTests.swift */,
				094F93801D1ED594005C46A4 /* Info.plist */,
			);
			path = angelaTests;
			sourceTree = "<group>";
		};
		094F93881D1ED594005C46A4 /* angelaUITests */ = {
			isa = PBXGroup;
			children = (
				094F93891D1ED594005C46A4 /* angelaUITests.swift */,
				094F938B1D1ED594005C46A4 /* Info.plist */,
			);
			path = angelaUITests;
			sourceTree = "<group>";
		};
		094F93971D1ED5BE005C46A4 /* Model */ = {
			isa = PBXGroup;
			children = (
				86E066761D1F514D002203F6 /* DAO */,
				094F93B81D1EFC5E005C46A4 /* SwiftyJSON.swift */,
				094F93A41D1ED92D005C46A4 /* Usuario.swift */,
				094F93A61D1EDA19005C46A4 /* Eventos.swift */,
				094F93AA1D1EDBAE005C46A4 /* Pessoa.swift */,
			);
			name = Model;
			sourceTree = "<group>";
		};
		094F93981D1ED5C5005C46A4 /* Controller */ = {
			isa = PBXGroup;
			children = (
				094F93C01D1F3120005C46A4 /* LoginViewController.swift */,
				094F93BC1D1F3098005C46A4 /* CadastroViewController.swift */,
				86E0666E1D1F3994002203F6 /* Cadastro2ViewController.swift */,
				094F93C41D1F318F005C46A4 /* EventoViewController.swift */,
				094F93C81D1F31C9005C46A4 /* NovoEventoViewController.swift */,
				86E066721D1F444A002203F6 /* ContatosViewController.swift */,
				094F936B1D1ED594005C46A4 /* MainViewController.swift */,
			);
			name = Controller;
			sourceTree = "<group>";
		};
		094F93991D1ED5CB005C46A4 /* View */ = {
			isa = PBXGroup;
			children = (
				094F93C11D1F3120005C46A4 /* LoginViewController.xib */,
				094F93BD1D1F3098005C46A4 /* CadastroViewController.xib */,
				86E0666F1D1F3994002203F6 /* Cadastro2ViewController.xib */,
				094F93C51D1F318F005C46A4 /* EventoViewController.xib */,
				094F93C91D1F31C9005C46A4 /* NovoEventoViewController.xib */,
				094F936D1D1ED594005C46A4 /* Main.storyboard */,
				86E066731D1F444A002203F6 /* ContatosViewController.xib */,
			);
			name = View;
			sourceTree = "<group>";
		};
		86E066761D1F514D002203F6 /* DAO */ = {
			isa = PBXGroup;
			children = (
				86E066771D1F5167002203F6 /* DAO.swift */,
			);
			name = DAO;
			sourceTree = "<group>";
		};
/* End PBXGroup section */

/* Begin PBXNativeTarget section */
		094F93651D1ED594005C46A4 /* angela */ = {
			isa = PBXNativeTarget;
			buildConfigurationList = 094F938E1D1ED594005C46A4 /* Build configuration list for PBXNativeTarget "angela" */;
			buildPhases = (
				094F93621D1ED594005C46A4 /* Sources */,
				094F93631D1ED594005C46A4 /* Frameworks */,
				094F93641D1ED594005C46A4 /* Resources */,
			);
			buildRules = (
			);
			dependencies = (
			);
			name = angela;
			productName = angela;
			productReference = 094F93661D1ED594005C46A4 /* angela.app */;
			productType = "com.apple.product-type.application";
		};
		094F93791D1ED594005C46A4 /* angelaTests */ = {
			isa = PBXNativeTarget;
			buildConfigurationList = 094F93911D1ED594005C46A4 /* Build configuration list for PBXNativeTarget "angelaTests" */;
			buildPhases = (
				094F93761D1ED594005C46A4 /* Sources */,
				094F93771D1ED594005C46A4 /* Frameworks */,
				094F93781D1ED594005C46A4 /* Resources */,
			);
			buildRules = (
			);
			dependencies = (
				094F937C1D1ED594005C46A4 /* PBXTargetDependency */,
			);
			name = angelaTests;
			productName = angelaTests;
			productReference = 094F937A1D1ED594005C46A4 /* angelaTests.xctest */;
			productType = "com.apple.product-type.bundle.unit-test";
		};
		094F93841D1ED594005C46A4 /* angelaUITests */ = {
			isa = PBXNativeTarget;
			buildConfigurationList = 094F93941D1ED594005C46A4 /* Build configuration list for PBXNativeTarget "angelaUITests" */;
			buildPhases = (
				094F93811D1ED594005C46A4 /* Sources */,
				094F93821D1ED594005C46A4 /* Frameworks */,
				094F93831D1ED594005C46A4 /* Resources */,
			);
			buildRules = (
			);
			dependencies = (
				094F93871D1ED594005C46A4 /* PBXTargetDependency */,
			);
			name = angelaUITests;
			productName = angelaUITests;
			productReference = 094F93851D1ED594005C46A4 /* angelaUITests.xctest */;
			productType = "com.apple.product-type.bundle.ui-testing";
		};
/* End PBXNativeTarget section */

/* Begin PBXProject section */
		094F935E1D1ED594005C46A4 /* Project object */ = {
			isa = PBXProject;
			attributes = {
				LastSwiftUpdateCheck = 0730;
				LastUpgradeCheck = 0730;
				ORGANIZATIONNAME = "Maria Carolina Marinho Séves Santos";
				TargetAttributes = {
					094F93651D1ED594005C46A4 = {
						CreatedOnToolsVersion = 7.3;
						DevelopmentTeam = 56F6M7MT84;
						SystemCapabilities = {
							com.apple.Push = {
								enabled = 1;
							};
						};
					};
					094F93791D1ED594005C46A4 = {
						CreatedOnToolsVersion = 7.3;
						TestTargetID = 094F93651D1ED594005C46A4;
					};
					094F93841D1ED594005C46A4 = {
						CreatedOnToolsVersion = 7.3;
						TestTargetID = 094F93651D1ED594005C46A4;
					};
				};
			};
			buildConfigurationList = 094F93611D1ED594005C46A4 /* Build configuration list for PBXProject "angela" */;
			compatibilityVersion = "Xcode 3.2";
			developmentRegion = English;
			hasScannedForEncodings = 0;
			knownRegions = (
				en,
				Base,
			);
			mainGroup = 094F935D1D1ED594005C46A4;
			productRefGroup = 094F93671D1ED594005C46A4 /* Products */;
			projectDirPath = "";
			projectRoot = "";
			targets = (
				094F93651D1ED594005C46A4 /* angela */,
				094F93791D1ED594005C46A4 /* angelaTests */,
				094F93841D1ED594005C46A4 /* angelaUITests */,
			);
		};
/* End PBXProject section */

/* Begin PBXResourcesBuildPhase section */
		094F93641D1ED594005C46A4 /* Resources */ = {
			isa = PBXResourcesBuildPhase;
			buildActionMask = 2147483647;
			files = (
				094F93C31D1F3120005C46A4 /* LoginViewController.xib in Resources */,
				092C9EEE1D2018B60003981E /* angelapp_back in Resources */,
				094F93741D1ED594005C46A4 /* LaunchScreen.storyboard in Resources */,
				094F93CB1D1F31C9005C46A4 /* NovoEventoViewController.xib in Resources */,
				094F93711D1ED594005C46A4 /* Assets.xcassets in Resources */,
				094F93C71D1F318F005C46A4 /* EventoViewController.xib in Resources */,
				094F936F1D1ED594005C46A4 /* Main.storyboard in Resources */,
				86E066711D1F3994002203F6 /* Cadastro2ViewController.xib in Resources */,
				86E066751D1F444A002203F6 /* ContatosViewController.xib in Resources */,
				094F93BF1D1F3098005C46A4 /* CadastroViewController.xib in Resources */,
			);
			runOnlyForDeploymentPostprocessing = 0;
		};
		094F93781D1ED594005C46A4 /* Resources */ = {
			isa = PBXResourcesBuildPhase;
			buildActionMask = 2147483647;
			files = (
			);
			runOnlyForDeploymentPostprocessing = 0;
		};
		094F93831D1ED594005C46A4 /* Resources */ = {
			isa = PBXResourcesBuildPhase;
			buildActionMask = 2147483647;
			files = (
			);
			runOnlyForDeploymentPostprocessing = 0;
		};
/* End PBXResourcesBuildPhase section */

/* Begin PBXSourcesBuildPhase section */
		094F93621D1ED594005C46A4 /* Sources */ = {
			isa = PBXSourcesBuildPhase;
			buildActionMask = 2147483647;
			files = (
				86E066701D1F3994002203F6 /* Cadastro2ViewController.swift in Sources */,
				094F93AB1D1EDBAE005C46A4 /* Pessoa.swift in Sources */,
				094F936C1D1ED594005C46A4 /* MainViewController.swift in Sources */,
				094F93CA1D1F31C9005C46A4 /* NovoEventoViewController.swift in Sources */,
				094F93BE1D1F3098005C46A4 /* CadastroViewController.swift in Sources */,
				86E066741D1F444A002203F6 /* ContatosViewController.swift in Sources */,
				094F93C61D1F318F005C46A4 /* EventoViewController.swift in Sources */,
				094F93A71D1EDA19005C46A4 /* Eventos.swift in Sources */,
				094F93B91D1EFC5E005C46A4 /* SwiftyJSON.swift in Sources */,
				094F936A1D1ED594005C46A4 /* AppDelegate.swift in Sources */,
				094F93A51D1ED92D005C46A4 /* Usuario.swift in Sources */,
				86E066781D1F5167002203F6 /* DAO.swift in Sources */,
				094F93C21D1F3120005C46A4 /* LoginViewController.swift in Sources */,
			);
			runOnlyForDeploymentPostprocessing = 0;
		};
		094F93761D1ED594005C46A4 /* Sources */ = {
			isa = PBXSourcesBuildPhase;
			buildActionMask = 2147483647;
			files = (
				094F937F1D1ED594005C46A4 /* angelaTests.swift in Sources */,
			);
			runOnlyForDeploymentPostprocessing = 0;
		};
		094F93811D1ED594005C46A4 /* Sources */ = {
			isa = PBXSourcesBuildPhase;
			buildActionMask = 2147483647;
			files = (
				094F938A1D1ED594005C46A4 /* angelaUITests.swift in Sources */,
			);
			runOnlyForDeploymentPostprocessing = 0;
		};
/* End PBXSourcesBuildPhase section */

/* Begin PBXTargetDependency section */
		094F937C1D1ED594005C46A4 /* PBXTargetDependency */ = {
			isa = PBXTargetDependency;
			target = 094F93651D1ED594005C46A4 /* angela */;
			targetProxy = 094F937B1D1ED594005C46A4 /* PBXContainerItemProxy */;
		};
		094F93871D1ED594005C46A4 /* PBXTargetDependency */ = {
			isa = PBXTargetDependency;
			target = 094F93651D1ED594005C46A4 /* angela */;
			targetProxy = 094F93861D1ED594005C46A4 /* PBXContainerItemProxy */;
		};
/* End PBXTargetDependency section */

/* Begin PBXVariantGroup section */
		094F936D1D1ED594005C46A4 /* Main.storyboard */ = {
			isa = PBXVariantGroup;
			children = (
				094F936E1D1ED594005C46A4 /* Base */,
			);
			name = Main.storyboard;
			sourceTree = "<group>";
		};
		094F93721D1ED594005C46A4 /* LaunchScreen.storyboard */ = {
			isa = PBXVariantGroup;
			children = (
				094F93731D1ED594005C46A4 /* Base */,
			);
			name = LaunchScreen.storyboard;
			sourceTree = "<group>";
		};
/* End PBXVariantGroup section */

/* Begin XCBuildConfiguration section */
		094F938C1D1ED594005C46A4 /* Debug */ = {
			isa = XCBuildConfiguration;
			buildSettings = {
				ALWAYS_SEARCH_USER_PATHS = NO;
				CLANG_ANALYZER_NONNULL = YES;
				CLANG_CXX_LANGUAGE_STANDARD = "gnu++0x";
				CLANG_CXX_LIBRARY = "libc++";
				CLANG_ENABLE_MODULES = YES;
				CLANG_ENABLE_OBJC_ARC = YES;
				CLANG_WARN_BOOL_CONVERSION = YES;
				CLANG_WARN_CONSTANT_CONVERSION = YES;
				CLANG_WARN_DIRECT_OBJC_ISA_USAGE = YES_ERROR;
				CLANG_WARN_EMPTY_BODY = YES;
				CLANG_WARN_ENUM_CONVERSION = YES;
				CLANG_WARN_INT_CONVERSION = YES;
				CLANG_WARN_OBJC_ROOT_CLASS = YES_ERROR;
				CLANG_WARN_UNREACHABLE_CODE = YES;
				CLANG_WARN__DUPLICATE_METHOD_MATCH = YES;
				CODE_SIGN_IDENTITY = "iPhone Developer: Maria Carolina Santos (WUDCAAVBHW)";
				"CODE_SIGN_IDENTITY[sdk=iphoneos*]" = "iPhone Developer: Maria Carolina Santos (WUDCAAVBHW)";
				COPY_PHASE_STRIP = NO;
				DEBUG_INFORMATION_FORMAT = dwarf;
				ENABLE_STRICT_OBJC_MSGSEND = YES;
				ENABLE_TESTABILITY = YES;
				GCC_C_LANGUAGE_STANDARD = gnu99;
				GCC_DYNAMIC_NO_PIC = NO;
				GCC_NO_COMMON_BLOCKS = YES;
				GCC_OPTIMIZATION_LEVEL = 0;
				GCC_PREPROCESSOR_DEFINITIONS = (
					"DEBUG=1",
					"$(inherited)",
				);
				GCC_WARN_64_TO_32_BIT_CONVERSION = YES;
				GCC_WARN_ABOUT_RETURN_TYPE = YES_ERROR;
				GCC_WARN_UNDECLARED_SELECTOR = YES;
				GCC_WARN_UNINITIALIZED_AUTOS = YES_AGGRESSIVE;
				GCC_WARN_UNUSED_FUNCTION = YES;
				GCC_WARN_UNUSED_VARIABLE = YES;
				IPHONEOS_DEPLOYMENT_TARGET = 9.3;
				MTL_ENABLE_DEBUG_INFO = YES;
				ONLY_ACTIVE_ARCH = YES;
				SDKROOT = iphoneos;
				SWIFT_OPTIMIZATION_LEVEL = "-Onone";
			};
			name = Debug;
		};
		094F938D1D1ED594005C46A4 /* Release */ = {
			isa = XCBuildConfiguration;
			buildSettings = {
				ALWAYS_SEARCH_USER_PATHS = NO;
				CLANG_ANALYZER_NONNULL = YES;
				CLANG_CXX_LANGUAGE_STANDARD = "gnu++0x";
				CLANG_CXX_LIBRARY = "libc++";
				CLANG_ENABLE_MODULES = YES;
				CLANG_ENABLE_OBJC_ARC = YES;
				CLANG_WARN_BOOL_CONVERSION = YES;
				CLANG_WARN_CONSTANT_CONVERSION = YES;
				CLANG_WARN_DIRECT_OBJC_ISA_USAGE = YES_ERROR;
				CLANG_WARN_EMPTY_BODY = YES;
				CLANG_WARN_ENUM_CONVERSION = YES;
				CLANG_WARN_INT_CONVERSION = YES;
				CLANG_WARN_OBJC_ROOT_CLASS = YES_ERROR;
				CLANG_WARN_UNREACHABLE_CODE = YES;
				CLANG_WARN__DUPLICATE_METHOD_MATCH = YES;
				"CODE_SIGN_IDENTITY[sdk=iphoneos*]" = "iPhone Developer";
				COPY_PHASE_STRIP = NO;
				DEBUG_INFORMATION_FORMAT = "dwarf-with-dsym";
				ENABLE_NS_ASSERTIONS = NO;
				ENABLE_STRICT_OBJC_MSGSEND = YES;
				GCC_C_LANGUAGE_STANDARD = gnu99;
				GCC_NO_COMMON_BLOCKS = YES;
				GCC_WARN_64_TO_32_BIT_CONVERSION = YES;
				GCC_WARN_ABOUT_RETURN_TYPE = YES_ERROR;
				GCC_WARN_UNDECLARED_SELECTOR = YES;
				GCC_WARN_UNINITIALIZED_AUTOS = YES_AGGRESSIVE;
				GCC_WARN_UNUSED_FUNCTION = YES;
				GCC_WARN_UNUSED_VARIABLE = YES;
				IPHONEOS_DEPLOYMENT_TARGET = 9.3;
				MTL_ENABLE_DEBUG_INFO = NO;
				SDKROOT = iphoneos;
				VALIDATE_PRODUCT = YES;
			};
			name = Release;
		};
		094F938F1D1ED594005C46A4 /* Debug */ = {
			isa = XCBuildConfiguration;
			buildSettings = {
				ASSETCATALOG_COMPILER_APPICON_NAME = AppIcon;
				CODE_SIGN_IDENTITY = "iPhone Developer: Maria Carolina Santos (WUDCAAVBHW)";
				"CODE_SIGN_IDENTITY[sdk=iphoneos*]" = "iPhone Developer";
				INFOPLIST_FILE = angela/Info.plist;
				IPHONEOS_DEPLOYMENT_TARGET = 9.1;
				LD_RUNPATH_SEARCH_PATHS = "$(inherited) @executable_path/Frameworks";
				PRODUCT_BUNDLE_IDENTIFIER = mcmss.angelaHackathon;
				PRODUCT_NAME = "$(TARGET_NAME)";
				PROVISIONING_PROFILE = "b67f8e35-f2f7-4606-8978-2e77abfbca41";
			};
			name = Debug;
		};
		094F93901D1ED594005C46A4 /* Release */ = {
			isa = XCBuildConfiguration;
			buildSettings = {
				ASSETCATALOG_COMPILER_APPICON_NAME = AppIcon;
				CODE_SIGN_IDENTITY = "iPhone Developer";
				"CODE_SIGN_IDENTITY[sdk=iphoneos*]" = "iPhone Developer";
				INFOPLIST_FILE = angela/Info.plist;
				IPHONEOS_DEPLOYMENT_TARGET = 9.1;
				LD_RUNPATH_SEARCH_PATHS = "$(inherited) @executable_path/Frameworks";
				PRODUCT_BUNDLE_IDENTIFIER = mcmss.angelaHackathon;
				PRODUCT_NAME = "$(TARGET_NAME)";
				PROVISIONING_PROFILE = "";
			};
			name = Release;
		};
		094F93921D1ED594005C46A4 /* Debug */ = {
			isa = XCBuildConfiguration;
			buildSettings = {
				BUNDLE_LOADER = "$(TEST_HOST)";
				INFOPLIST_FILE = angelaTests/Info.plist;
				LD_RUNPATH_SEARCH_PATHS = "$(inherited) @executable_path/Frameworks @loader_path/Frameworks";
				PRODUCT_BUNDLE_IDENTIFIER = mcmss.angelaTests;
				PRODUCT_NAME = "$(TARGET_NAME)";
				TEST_HOST = "$(BUILT_PRODUCTS_DIR)/angela.app/angela";
			};
			name = Debug;
		};
		094F93931D1ED594005C46A4 /* Release */ = {
			isa = XCBuildConfiguration;
			buildSettings = {
				BUNDLE_LOADER = "$(TEST_HOST)";
				INFOPLIST_FILE = angelaTests/Info.plist;
				LD_RUNPATH_SEARCH_PATHS = "$(inherited) @executable_path/Frameworks @loader_path/Frameworks";
				PRODUCT_BUNDLE_IDENTIFIER = mcmss.angelaTests;
				PRODUCT_NAME = "$(TARGET_NAME)";
				TEST_HOST = "$(BUILT_PRODUCTS_DIR)/angela.app/angela";
			};
			name = Release;
		};
		094F93951D1ED594005C46A4 /* Debug */ = {
			isa = XCBuildConfiguration;
			buildSettings = {
				INFOPLIST_FILE = angelaUITests/Info.plist;
				LD_RUNPATH_SEARCH_PATHS = "$(inherited) @executable_path/Frameworks @loader_path/Frameworks";
				PRODUCT_BUNDLE_IDENTIFIER = mcmss.angelaUITests;
				PRODUCT_NAME = "$(TARGET_NAME)";
				TEST_TARGET_NAME = angela;
			};
			name = Debug;
		};
		094F93961D1ED594005C46A4 /* Release */ = {
			isa = XCBuildConfiguration;
			buildSettings = {
				INFOPLIST_FILE = angelaUITests/Info.plist;
				LD_RUNPATH_SEARCH_PATHS = "$(inherited) @executable_path/Frameworks @loader_path/Frameworks";
				PRODUCT_BUNDLE_IDENTIFIER = mcmss.angelaUITests;
				PRODUCT_NAME = "$(TARGET_NAME)";
				TEST_TARGET_NAME = angela;
			};
			name = Release;
		};
/* End XCBuildConfiguration section */

/* Begin XCConfigurationList section */
		094F93611D1ED594005C46A4 /* Build configuration list for PBXProject "angela" */ = {
			isa = XCConfigurationList;
			buildConfigurations = (
				094F938C1D1ED594005C46A4 /* Debug */,
				094F938D1D1ED594005C46A4 /* Release */,
			);
			defaultConfigurationIsVisible = 0;
			defaultConfigurationName = Release;
		};
		094F938E1D1ED594005C46A4 /* Build configuration list for PBXNativeTarget "angela" */ = {
			isa = XCConfigurationList;
			buildConfigurations = (
				094F938F1D1ED594005C46A4 /* Debug */,
				094F93901D1ED594005C46A4 /* Release */,
			);
			defaultConfigurationIsVisible = 0;
			defaultConfigurationName = Release;
		};
		094F93911D1ED594005C46A4 /* Build configuration list for PBXNativeTarget "angelaTests" */ = {
			isa = XCConfigurationList;
			buildConfigurations = (
				094F93921D1ED594005C46A4 /* Debug */,
				094F93931D1ED594005C46A4 /* Release */,
			);
			defaultConfigurationIsVisible = 0;
			defaultConfigurationName = Release;
		};
		094F93941D1ED594005C46A4 /* Build configuration list for PBXNativeTarget "angelaUITests" */ = {
			isa = XCConfigurationList;
			buildConfigurations = (
				094F93951D1ED594005C46A4 /* Debug */,
				094F93961D1ED594005C46A4 /* Release */,
			);
			defaultConfigurationIsVisible = 0;
			defaultConfigurationName = Release;
		};
/* End XCConfigurationList section */
	};
	rootObject = 094F935E1D1ED594005C46A4 /* Project object */;
}
